{
  "requires": true,
  "lockfileVersion": 1,
  "dependencies": {
    "@babel/runtime": {
      "version": "7.16.3",
      "resolved": "https://registry.npmjs.org/@babel/runtime/-/runtime-7.16.3.tgz",
      "integrity": "sha512-WBwekcqacdY2e9AF/Q7WLFUWmdJGJTkbjqTjoMDgXkVZ3ZRUvOPsLb5KdwISoQVsbP+DQzVZW4Zhci0DvpbNTQ==",
      "requires": {
        "regenerator-runtime": "^0.13.4"
      }
    },
    "@fortawesome/fontawesome-common-types": {
      "version": "0.2.36",
      "resolved": "https://registry.npmjs.org/@fortawesome/fontawesome-common-types/-/fontawesome-common-types-0.2.36.tgz",
      "integrity": "sha512-a/7BiSgobHAgBWeN7N0w+lAhInrGxksn13uK7231n2m8EDPE3BMCl9NZLTGrj9ZXfCmC6LM0QLqXidIizVQ6yg=="
    },
    "@fortawesome/fontawesome-svg-core": {
      "version": "1.2.36",
      "resolved": "https://registry.npmjs.org/@fortawesome/fontawesome-svg-core/-/fontawesome-svg-core-1.2.36.tgz",
      "integrity": "sha512-YUcsLQKYb6DmaJjIHdDWpBIGCcyE/W+p/LMGvjQem55Mm2XWVAP5kWTMKWLv9lwpCVjpLxPyOMOyUocP1GxrtA==",
      "requires": {
        "@fortawesome/fontawesome-common-types": "^0.2.36"
      }
    },
    "@fortawesome/free-solid-svg-icons": {
      "version": "5.15.4",
      "resolved": "https://registry.npmjs.org/@fortawesome/free-solid-svg-icons/-/free-solid-svg-icons-5.15.4.tgz",
      "integrity": "sha512-JLmQfz6tdtwxoihXLg6lT78BorrFyCf59SAwBM6qV/0zXyVeDygJVb3fk+j5Qat+Yvcxp1buLTY5iDh1ZSAQ8w==",
      "requires": {
        "@fortawesome/fontawesome-common-types": "^0.2.36"
      }
    },
    "@fortawesome/react-fontawesome": {
      "version": "0.1.16",
      "resolved": "https://registry.npmjs.org/@fortawesome/react-fontawesome/-/react-fontawesome-0.1.16.tgz",
      "integrity": "sha512-aLmzDwC9rEOAJv2UJdMns89VZR5Ry4IHu5dQQh24Z/lWKEm44lfQr1UNalZlkUaQN8d155tNh+CS7ntntj1VMA==",
      "requires": {
        "prop-types": "^15.7.2"
      }
    },
    "@nivo/annotations": {
      "version": "0.75.0",
      "resolved": "https://registry.npmjs.org/@nivo/annotations/-/annotations-0.75.0.tgz",
      "integrity": "sha512-shA7p/ziQXtSw9tfZkF5yG970UAOTD6P+JWRoX6BRK7TuuRPc/tOG5c99lut5YrRXL30ov6UW5/GhABeUeiuuQ==",
      "requires": {
        "@nivo/colors": "0.75.0",
        "@react-spring/web": "9.3.1",
        "lodash": "^4.17.21"
      }
    },
    "@nivo/arcs": {
      "version": "0.75.0",
      "resolved": "https://registry.npmjs.org/@nivo/arcs/-/arcs-0.75.0.tgz",
      "integrity": "sha512-xcHC5eC8Z8S/cbdanK4FqXAvTWISF4on/mu1238CQ1bNHU+L7e4BdavZ/g6KPRPNH9tZ3TxcyrKqCgrdNZa8+w==",
      "requires": {
        "@nivo/colors": "0.75.0",
        "@react-spring/web": "9.3.1",
        "d3-shape": "^1.3.5"
      }
    },
    "@nivo/axes": {
      "version": "0.75.0",
      "resolved": "https://registry.npmjs.org/@nivo/axes/-/axes-0.75.0.tgz",
      "integrity": "sha512-k+pL6feCq/9eXqWrW4nkCPU0wRHrYBiCD7+3aeByFaePSoANJYcX8Q866euRCsc9NXiYCdnGDinssa/C8FRjkA==",
      "requires": {
        "@nivo/scales": "0.75.0",
        "@react-spring/web": "9.3.1",
        "d3-format": "^1.4.4",
        "d3-time-format": "^3.0.0"
      }
    },
    "@nivo/colors": {
      "version": "0.75.0",
      "resolved": "https://registry.npmjs.org/@nivo/colors/-/colors-0.75.0.tgz",
      "integrity": "sha512-EpFnjv0PNZRCdGHYLULjJMO1+kdmmTZA7VDyfvy4hchZpXAdFMXF59NvHu9wDRUL/XOTSnXHpcoo31nTpvlH2w==",
      "requires": {
        "d3-color": "^2.0.0",
        "d3-scale": "^3.2.3",
        "d3-scale-chromatic": "^2.0.0",
        "lodash": "^4.17.21",
        "react-motion": "^0.5.2"
      }
    },
    "@nivo/core": {
      "version": "0.75.0",
      "resolved": "https://registry.npmjs.org/@nivo/core/-/core-0.75.0.tgz",
      "integrity": "sha512-jR3AWe70xaNy+PcKlCJRh8KLeKXt1acUR6Sh2VrdS2zUojLFKGScR3yUzEAaqtKwjUxE+i/snjTmS48vhKnk4A==",
      "requires": {
        "@nivo/recompose": "0.75.0",
        "@react-spring/web": "9.3.1",
        "d3-color": "^2.0.0",
        "d3-format": "^1.4.4",
        "d3-hierarchy": "^1.1.8",
        "d3-interpolate": "^2.0.1",
        "d3-scale": "^3.2.3",
        "d3-scale-chromatic": "^2.0.0",
        "d3-shape": "^1.3.5",
        "d3-time-format": "^3.0.0",
        "lodash": "^4.17.21",
        "resize-observer-polyfill": "^1.5.1"
      }
    },
    "@nivo/legends": {
      "version": "0.75.0",
      "resolved": "https://registry.npmjs.org/@nivo/legends/-/legends-0.75.0.tgz",
      "integrity": "sha512-Qmno0QKVp0f6hBX94KSW8FES6nNChKyRiZBBayr2Zd6Ld4+nAAGhxAx6BUJyspk6Bpyx4uuXyLfXGx0vSDdnkg=="
    },
    "@nivo/line": {
      "version": "0.75.0",
      "resolved": "https://registry.npmjs.org/@nivo/line/-/line-0.75.0.tgz",
      "integrity": "sha512-uu5aCTDDY59qVpcE/1//PO9W53AZUG6M2ZmjM+uEzi85ro5XeE0JOFwy30gKbleQd1ftvdFIvNQ7m2YyaHK9Lw==",
      "requires": {
        "@nivo/annotations": "0.75.0",
        "@nivo/axes": "0.75.0",
        "@nivo/colors": "0.75.0",
        "@nivo/legends": "0.75.0",
        "@nivo/scales": "0.75.0",
        "@nivo/tooltip": "0.75.0",
        "@nivo/voronoi": "0.75.0",
        "@react-spring/web": "9.3.1",
        "d3-shape": "^1.3.5"
      }
    },
    "@nivo/pie": {
      "version": "0.75.0",
      "resolved": "https://registry.npmjs.org/@nivo/pie/-/pie-0.75.0.tgz",
      "integrity": "sha512-yrzp9M33xUNPA827eR5B+OMZm6ito8U+bhD3VWbp/h+TIdvLk0Ls3V3u7ElVMtXf28O+poN5zpZk0vKr0FmtpQ==",
      "requires": {
        "@nivo/arcs": "0.75.0",
        "@nivo/colors": "0.75.0",
        "@nivo/legends": "0.75.0",
        "@nivo/tooltip": "0.75.0",
        "d3-shape": "^1.3.5"
      }
    },
    "@nivo/recompose": {
      "version": "0.75.0",
      "resolved": "https://registry.npmjs.org/@nivo/recompose/-/recompose-0.75.0.tgz",
      "integrity": "sha512-ZZA5Q2W5m3YaVHkNnmQXntXxB8rHPlkw2b7LA+8IQ24GqGkQ6z0wldnpgxcLee8TDcAeR4UmTA7SvhGOnhiLxQ==",
      "requires": {
        "react-lifecycles-compat": "^3.0.4"
      }
    },
    "@nivo/scales": {
      "version": "0.75.0",
      "resolved": "https://registry.npmjs.org/@nivo/scales/-/scales-0.75.0.tgz",
      "integrity": "sha512-RDZ+e7AFYgJnaW7OF7q8lDUI+JbQH//fkSC+OKBaejqd88ksjEKCoJrA+K0tphKu5/oMZObKQ7wJGom9RKk/Zw==",
      "requires": {
        "d3-scale": "^3.2.3",
        "d3-time": "^1.0.11",
        "d3-time-format": "^3.0.0",
        "lodash": "^4.17.21"
      },
      "dependencies": {
        "d3-time": {
          "version": "1.1.0",
          "resolved": "https://registry.npmjs.org/d3-time/-/d3-time-1.1.0.tgz",
          "integrity": "sha512-Xh0isrZ5rPYYdqhAVk8VLnMEidhz5aP7htAADH6MfzgmmicPkTo8LhkLxci61/lCB7n7UmE3bN0leRt+qvkLxA=="
        }
      }
    },
    "@nivo/tooltip": {
      "version": "0.75.0",
      "resolved": "https://registry.npmjs.org/@nivo/tooltip/-/tooltip-0.75.0.tgz",
      "integrity": "sha512-y3x9uDrNK6fgYvf7V2XUmKpclRQz2GlHpZwWcnFYJbnL/Y3cl4ou2shJniMAyMuJF9GpULhJEOqYQtgzoawdkg==",
      "requires": {
        "@react-spring/web": "9.3.1"
      }
    },
    "@nivo/voronoi": {
      "version": "0.75.0",
      "resolved": "https://registry.npmjs.org/@nivo/voronoi/-/voronoi-0.75.0.tgz",
      "integrity": "sha512-c1cZBtabpbqGbycaw9M28x2MBnQWF1Xy+h9v4bs1QphowuknPPvXq4Yfi1WZyd5gx38PHRBLyI9P3af79cbK/A==",
      "requires": {
        "d3-delaunay": "^5.3.0",
        "d3-scale": "^3.2.3"
      }
    },
    "@popperjs/core": {
      "version": "2.11.0",
      "resolved": "https://registry.npmjs.org/@popperjs/core/-/core-2.11.0.tgz",
      "integrity": "sha512-zrsUxjLOKAzdewIDRWy9nsV1GQsKBCWaGwsZQlCgr6/q+vjyZhFgqedLfFBuI9anTPEUT4APq9Mu0SZBTzIcGQ=="
    },
    "@react-aria/ssr": {
      "version": "3.1.0",
      "resolved": "https://registry.npmjs.org/@react-aria/ssr/-/ssr-3.1.0.tgz",
      "integrity": "sha512-RxqQKmE8sO7TGdrcSlHTcVzMP450hqowtBSd2bBS9oPlcokVkaGq28c3Rwa8ty5ctw4EBCjXqjP7xdcKMGDzug==",
      "requires": {
        "@babel/runtime": "^7.6.2"
      }
    },
    "@react-spring/animated": {
      "version": "9.3.1",
      "resolved": "https://registry.npmjs.org/@react-spring/animated/-/animated-9.3.1.tgz",
      "integrity": "sha512-23YaERZ++BwZ8F8PxPFqrpOwp/JZun1Pj6aHZtPAU42j5LycBRasT9XMw7Eyr7zNFhT+rl3R3wFfd4WX6Ax+UA==",
      "requires": {
        "@react-spring/shared": "~9.3.0",
        "@react-spring/types": "~9.3.0"
      }
    },
    "@react-spring/core": {
      "version": "9.3.1",
      "resolved": "https://registry.npmjs.org/@react-spring/core/-/core-9.3.1.tgz",
      "integrity": "sha512-8rmfmEHLHGtF1CUiXRn64YJqsXNxv2cGX8oNnBnsuoE33c48Zc34t2VIMB4R9q5zwIUCvDBGfiEenA8ZAPxqOQ==",
      "requires": {
        "@react-spring/animated": "~9.3.0",
        "@react-spring/shared": "~9.3.0",
        "@react-spring/types": "~9.3.0"
      }
    },
    "@react-spring/rafz": {
      "version": "9.3.1",
      "resolved": "https://registry.npmjs.org/@react-spring/rafz/-/rafz-9.3.1.tgz",
      "integrity": "sha512-fEBMCarGVl+/2kdO+g6Zig4F+3ymwmcGN8S71gb1c7Cbbxb87kviPz8EhshfIHoiLeJPGlqwcuGbxNmZbBamvA=="
    },
    "@react-spring/shared": {
      "version": "9.3.1",
      "resolved": "https://registry.npmjs.org/@react-spring/shared/-/shared-9.3.1.tgz",
      "integrity": "sha512-jhPpxzURGo6Nty90ex1lkxmZae7w/VAbnGmb/nXcYoZwSoNR+W2aAd00iXsh2ZGz6MgoJOsc495JeG3uC7Am8A==",
      "requires": {
        "@react-spring/rafz": "~9.3.0",
        "@react-spring/types": "~9.3.0"
      }
    },
    "@react-spring/types": {
      "version": "9.3.1",
      "resolved": "https://registry.npmjs.org/@react-spring/types/-/types-9.3.1.tgz",
      "integrity": "sha512-W/YMJMX35XgGGzX0gKORBTwnvQ+1loDOFN3XlZkW5fgpEY+7VkRUpPyqPWXQr3n6lHrsLmHIGdpznqZi54ACTQ=="
    },
    "@react-spring/web": {
      "version": "9.3.1",
      "resolved": "https://registry.npmjs.org/@react-spring/web/-/web-9.3.1.tgz",
      "integrity": "sha512-sisZIgFGva/Z+xKWPSfXpukF0AP3kR9ALTxlHL87fVotMUCJX5vtH/YlVcywToEFwTHKt3MpI5Wy2M+vgVEeaw==",
      "requires": {
        "@react-spring/animated": "~9.3.0",
        "@react-spring/core": "~9.3.0",
        "@react-spring/shared": "~9.3.0",
        "@react-spring/types": "~9.3.0"
      }
    },
    "@restart/context": {
      "version": "2.1.4",
      "resolved": "https://registry.npmjs.org/@restart/context/-/context-2.1.4.tgz",
      "integrity": "sha512-INJYZQJP7g+IoDUh/475NlGiTeMfwTXUEr3tmRneckHIxNolGOW9CTq83S8cxq0CgJwwcMzMJFchxvlwe7Rk8Q=="
    },
    "@restart/hooks": {
      "version": "0.3.27",
      "resolved": "https://registry.npmjs.org/@restart/hooks/-/hooks-0.3.27.tgz",
      "integrity": "sha512-s984xV/EapUIfkjlf8wz9weP2O9TNKR96C68FfMEy2bE69+H4cNv3RD4Mf97lW7Htt7PjZrYTjSC8f3SB9VCXw==",
      "requires": {
        "dequal": "^2.0.2"
      }
    },
    "@restart/ui": {
      "version": "0.2.5",
      "resolved": "https://registry.npmjs.org/@restart/ui/-/ui-0.2.5.tgz",
      "integrity": "sha512-3dP8pMFickPpvAG5MVQW53HnJl0c17h7MwvI4nNy9QF66sHSYVchudlqlI8eOSaqnmc5YVjGura63vMb9LTNbQ==",
      "requires": {
        "@babel/runtime": "^7.13.16",
        "@popperjs/core": "^2.10.1",
        "@react-aria/ssr": "^3.0.1",
        "@restart/hooks": "^0.4.0",
        "@types/warning": "^3.0.0",
        "dequal": "^2.0.2",
        "dom-helpers": "^5.2.0",
        "prop-types": "^15.7.2",
        "uncontrollable": "^7.2.1",
        "warning": "^4.0.3"
      },
      "dependencies": {
        "@restart/hooks": {
          "version": "0.4.5",
          "resolved": "https://registry.npmjs.org/@restart/hooks/-/hooks-0.4.5.tgz",
          "integrity": "sha512-tLGtY0aHeIfT7aPwUkvQuhIy3+q3w4iqmUzFLPlOAf/vNUacLaBt1j/S//jv/dQhenRh8jvswyMojCwmLvJw8A==",
          "requires": {
            "dequal": "^2.0.2"
          }
        }
      }
    },
    "@types/invariant": {
      "version": "2.2.35",
      "resolved": "https://registry.npmjs.org/@types/invariant/-/invariant-2.2.35.tgz",
      "integrity": "sha512-DxX1V9P8zdJPYQat1gHyY0xj3efl8gnMVjiM9iCY6y27lj+PoQWkgjt8jDqmovPqULkKVpKRg8J36iQiA+EtEg=="
    },
    "@types/prop-types": {
      "version": "15.7.4",
      "resolved": "https://registry.npmjs.org/@types/prop-types/-/prop-types-15.7.4.tgz",
      "integrity": "sha512-rZ5drC/jWjrArrS8BR6SIr4cWpW09RNTYt9AMZo3Jwwif+iacXAqgVjm0B0Bv/S1jhDXKHqRVNCbACkJ89RAnQ=="
    },
    "@types/react": {
      "version": "17.0.37",
      "resolved": "https://registry.npmjs.org/@types/react/-/react-17.0.37.tgz",
      "integrity": "sha512-2FS1oTqBGcH/s0E+CjrCCR9+JMpsu9b69RTFO+40ua43ZqP5MmQ4iUde/dMjWR909KxZwmOQIFq6AV6NjEG5xg==",
      "requires": {
        "@types/prop-types": "*",
        "@types/scheduler": "*",
        "csstype": "^3.0.2"
      }
    },
    "@types/react-transition-group": {
      "version": "4.4.4",
      "resolved": "https://registry.npmjs.org/@types/react-transition-group/-/react-transition-group-4.4.4.tgz",
      "integrity": "sha512-7gAPz7anVK5xzbeQW9wFBDg7G++aPLAFY0QaSMOou9rJZpbuI58WAuJrgu+qR92l61grlnCUe7AFX8KGahAgug==",
      "requires": {
        "@types/react": "*"
      }
    },
    "@types/scheduler": {
      "version": "0.16.2",
      "resolved": "https://registry.npmjs.org/@types/scheduler/-/scheduler-0.16.2.tgz",
      "integrity": "sha512-hppQEBDmlwhFAXKJX2KnWLYu5yMfi91yazPb2l+lbJiwW+wdo1gNeRA+3RgNSO39WYX2euey41KEwnqesU2Jew=="
    },
    "@types/warning": {
      "version": "3.0.0",
      "resolved": "https://registry.npmjs.org/@types/warning/-/warning-3.0.0.tgz",
      "integrity": "sha1-DSUBJorY+ZYrdA04fEZU9fjiPlI="
    },
    "axios": {
      "version": "0.24.0",
      "resolved": "https://registry.npmjs.org/axios/-/axios-0.24.0.tgz",
      "integrity": "sha512-Q6cWsys88HoPgAaFAVUb0WpPk0O8iTeisR9IMqy9G8AbO4NlpVknrnQS03zzF9PGAWgO3cgletO3VjV/P7VztA==",
      "requires": {
        "follow-redirects": "^1.14.4"
      }
    },
    "bootstrap": {
      "version": "5.1.3",
      "resolved": "https://registry.npmjs.org/bootstrap/-/bootstrap-5.1.3.tgz",
      "integrity": "sha512-fcQztozJ8jToQWXxVuEyXWW+dSo8AiXWKwiSSrKWsRB/Qt+Ewwza+JWoLKiTuQLaEPhdNAJ7+Dosc9DOIqNy7Q=="
    },
    "classnames": {
      "version": "2.3.1",
      "resolved": "https://registry.npmjs.org/classnames/-/classnames-2.3.1.tgz",
      "integrity": "sha512-OlQdbZ7gLfGarSqxesMesDa5uz7KFbID8Kpq/SxIoNGDqY8lSYs0D+hhtBXhcdB3rcbXArFr7vlHheLk1voeNA=="
    },
    "csstype": {
      "version": "3.0.10",
      "resolved": "https://registry.npmjs.org/csstype/-/csstype-3.0.10.tgz",
      "integrity": "sha512-2u44ZG2OcNUO9HDp/Jl8C07x6pU/eTR3ncV91SiK3dhG9TWvRVsCoJw14Ckx5DgWkzGA3waZWO3d7pgqpUI/XA=="
    },
    "d3-array": {
      "version": "2.12.1",
      "resolved": "https://registry.npmjs.org/d3-array/-/d3-array-2.12.1.tgz",
      "integrity": "sha512-B0ErZK/66mHtEsR1TkPEEkwdy+WDesimkM5gpZr5Dsg54BiTA5RXtYW5qTLIAcekaS9xfZrzBLF/OAkB3Qn1YQ==",
      "requires": {
        "internmap": "^1.0.0"
      }
    },
    "d3-color": {
      "version": "2.0.0",
      "resolved": "https://registry.npmjs.org/d3-color/-/d3-color-2.0.0.tgz",
      "integrity": "sha512-SPXi0TSKPD4g9tw0NMZFnR95XVgUZiBH+uUTqQuDu1OsE2zomHU7ho0FISciaPvosimixwHFl3WHLGabv6dDgQ=="
    },
    "d3-delaunay": {
      "version": "5.3.0",
      "resolved": "https://registry.npmjs.org/d3-delaunay/-/d3-delaunay-5.3.0.tgz",
      "integrity": "sha512-amALSrOllWVLaHTnDLHwMIiz0d1bBu9gZXd1FiLfXf8sHcX9jrcj81TVZOqD4UX7MgBZZ07c8GxzEgBpJqc74w==",
      "requires": {
        "delaunator": "4"
      }
    },
    "d3-format": {
      "version": "1.4.5",
      "resolved": "https://registry.npmjs.org/d3-format/-/d3-format-1.4.5.tgz",
      "integrity": "sha512-J0piedu6Z8iB6TbIGfZgDzfXxUFN3qQRMofy2oPdXzQibYGqPB/9iMcxr/TGalU+2RsyDO+U4f33id8tbnSRMQ=="
    },
    "d3-hierarchy": {
      "version": "1.1.9",
      "resolved": "https://registry.npmjs.org/d3-hierarchy/-/d3-hierarchy-1.1.9.tgz",
      "integrity": "sha512-j8tPxlqh1srJHAtxfvOUwKNYJkQuBFdM1+JAUfq6xqH5eAqf93L7oG1NVqDa4CpFZNvnNKtCYEUC8KY9yEn9lQ=="
    },
    "d3-interpolate": {
      "version": "2.0.1",
      "resolved": "https://registry.npmjs.org/d3-interpolate/-/d3-interpolate-2.0.1.tgz",
      "integrity": "sha512-c5UhwwTs/yybcmTpAVqwSFl6vrQ8JZJoT5F7xNFK9pymv5C0Ymcc9/LIJHtYIggg/yS9YHw8i8O8tgb9pupjeQ==",
      "requires": {
        "d3-color": "1 - 2"
      }
    },
    "d3-path": {
      "version": "1.0.9",
      "resolved": "https://registry.npmjs.org/d3-path/-/d3-path-1.0.9.tgz",
      "integrity": "sha512-VLaYcn81dtHVTjEHd8B+pbe9yHWpXKZUC87PzoFmsFrJqgFwDe/qxfp5MlfsfM1V5E/iVt0MmEbWQ7FVIXh/bg=="
    },
    "d3-scale": {
      "version": "3.3.0",
      "resolved": "https://registry.npmjs.org/d3-scale/-/d3-scale-3.3.0.tgz",
      "integrity": "sha512-1JGp44NQCt5d1g+Yy+GeOnZP7xHo0ii8zsQp6PGzd+C1/dl0KGsp9A7Mxwp+1D1o4unbTTxVdU/ZOIEBoeZPbQ==",
      "requires": {
        "d3-array": "^2.3.0",
        "d3-format": "1 - 2",
        "d3-interpolate": "1.2.0 - 2",
        "d3-time": "^2.1.1",
        "d3-time-format": "2 - 3"
      }
    },
    "d3-scale-chromatic": {
      "version": "2.0.0",
      "resolved": "https://registry.npmjs.org/d3-scale-chromatic/-/d3-scale-chromatic-2.0.0.tgz",
      "integrity": "sha512-LLqy7dJSL8yDy7NRmf6xSlsFZ6zYvJ4BcWFE4zBrOPnQERv9zj24ohnXKRbyi9YHnYV+HN1oEO3iFK971/gkzA==",
      "requires": {
        "d3-color": "1 - 2",
        "d3-interpolate": "1 - 2"
      }
    },
    "d3-shape": {
      "version": "1.3.7",
      "resolved": "https://registry.npmjs.org/d3-shape/-/d3-shape-1.3.7.tgz",
      "integrity": "sha512-EUkvKjqPFUAZyOlhY5gzCxCeI0Aep04LwIRpsZ/mLFelJiUfnK56jo5JMDSE7yyP2kLSb6LtF+S5chMk7uqPqw==",
      "requires": {
        "d3-path": "1"
      }
    },
    "d3-time": {
      "version": "2.1.1",
      "resolved": "https://registry.npmjs.org/d3-time/-/d3-time-2.1.1.tgz",
      "integrity": "sha512-/eIQe/eR4kCQwq7yxi7z4c6qEXf2IYGcjoWB5OOQy4Tq9Uv39/947qlDcN2TLkiTzQWzvnsuYPB9TrWaNfipKQ==",
      "requires": {
        "d3-array": "2"
      }
    },
    "d3-time-format": {
      "version": "3.0.0",
      "resolved": "https://registry.npmjs.org/d3-time-format/-/d3-time-format-3.0.0.tgz",
      "integrity": "sha512-UXJh6EKsHBTjopVqZBhFysQcoXSv/5yLONZvkQ5Kk3qbwiUYkdX17Xa1PT6U1ZWXGGfB1ey5L8dKMlFq2DO0Ag==",
      "requires": {
        "d3-time": "1 - 2"
      }
    },
    "delaunator": {
      "version": "4.0.1",
      "resolved": "https://registry.npmjs.org/delaunator/-/delaunator-4.0.1.tgz",
      "integrity": "sha512-WNPWi1IRKZfCt/qIDMfERkDp93+iZEmOxN2yy4Jg+Xhv8SLk2UTqqbe1sfiipn0and9QrE914/ihdx82Y/Giag=="
    },
    "dequal": {
      "version": "2.0.2",
      "resolved": "https://registry.npmjs.org/dequal/-/dequal-2.0.2.tgz",
      "integrity": "sha512-q9K8BlJVxK7hQYqa6XISGmBZbtQQWVXSrRrWreHC94rMt1QL/Impruc+7p2CYSYuVIUr+YCt6hjrs1kkdJRTug=="
    },
    "dom-helpers": {
      "version": "5.2.1",
      "resolved": "https://registry.npmjs.org/dom-helpers/-/dom-helpers-5.2.1.tgz",
      "integrity": "sha512-nRCa7CK3VTrM2NmGkIy4cbK7IZlgBE/PYMn55rrXefr5xXDP0LdtfPnblFDoVdcAfslJ7or6iqAUnx0CCGIWQA==",
      "requires": {
        "@babel/runtime": "^7.8.7",
        "csstype": "^3.0.2"
      }
    },
    "follow-redirects": {
      "version": "1.14.6",
      "resolved": "https://registry.npmjs.org/follow-redirects/-/follow-redirects-1.14.6.tgz",
      "integrity": "sha512-fhUl5EwSJbbl8AR+uYL2KQDxLkdSjZGR36xy46AO7cOMTrCMON6Sa28FmAnC2tRTDbd/Uuzz3aJBv7EBN7JH8A=="
    },
    "history": {
      "version": "5.1.0",
      "resolved": "https://registry.npmjs.org/history/-/history-5.1.0.tgz",
      "integrity": "sha512-zPuQgPacm2vH2xdORvGGz1wQMuHSIB56yNAy5FnLuwOwgSYyPKptJtcMm6Ev+hRGeS+GzhbmRacHzvlESbFwDg==",
      "requires": {
        "@babel/runtime": "^7.7.6"
      }
    },
    "internmap": {
      "version": "1.0.1",
      "resolved": "https://registry.npmjs.org/internmap/-/internmap-1.0.1.tgz",
      "integrity": "sha512-lDB5YccMydFBtasVtxnZ3MRBHuaoE8GKsppq+EchKL2U4nK/DmEpPHNH8MZe5HkMtpSiTSOZwfN0tzYjO/lJEw=="
    },
    "invariant": {
      "version": "2.2.4",
      "resolved": "https://registry.npmjs.org/invariant/-/invariant-2.2.4.tgz",
      "integrity": "sha512-phJfQVBuaJM5raOpJjSfkiD6BpbCE4Ns//LaXl6wGYtUBY83nWS6Rf9tXm2e8VaK60JEjYldbPif/A2B1C2gNA==",
      "requires": {
        "loose-envify": "^1.0.0"
      }
    },
    "js-tokens": {
      "version": "4.0.0",
      "resolved": "https://registry.npmjs.org/js-tokens/-/js-tokens-4.0.0.tgz",
      "integrity": "sha512-RdJUflcE3cUzKiMqQgsCu06FPu9UdIJO0beYbPhHN4k6apgJtifcoCtT9bcxOpYBtpD2kCM6Sbzg4CausW/PKQ=="
    },
    "lodash": {
      "version": "4.17.21",
      "resolved": "https://registry.npmjs.org/lodash/-/lodash-4.17.21.tgz",
      "integrity": "sha512-v2kDEe57lecTulaDIuNTPy3Ry4gLGJ6Z1O3vE1krgXZNrsQ+LFTGHVxVjcXPs17LhbZVGedAJv8XZ1tvj5FvSg=="
    },
    "loose-envify": {
      "version": "1.4.0",
      "resolved": "https://registry.npmjs.org/loose-envify/-/loose-envify-1.4.0.tgz",
      "integrity": "sha512-lyuxPGr/Wfhrlem2CL/UcnUc1zcqKAImBDzukY7Y5F/yQiNdko6+fRLevlw1HgMySw7f611UIY408EtxRSoK3Q==",
      "requires": {
        "js-tokens": "^3.0.0 || ^4.0.0"
      }
    },
    "object-assign": {
      "version": "4.1.1",
      "resolved": "https://registry.npmjs.org/object-assign/-/object-assign-4.1.1.tgz",
      "integrity": "sha1-IQmtx5ZYh8/AXLvUQsrIv7s2CGM="
    },
    "performance-now": {
      "version": "0.2.0",
      "resolved": "https://registry.npmjs.org/performance-now/-/performance-now-0.2.0.tgz",
      "integrity": "sha1-M+8wxcd9TqIcWlOGnZG1bY8lVeU="
    },
    "prop-types": {
      "version": "15.7.2",
      "resolved": "https://registry.npmjs.org/prop-types/-/prop-types-15.7.2.tgz",
      "integrity": "sha512-8QQikdH7//R2vurIJSutZ1smHYTcLpRWEOlHnzcWHmBYrOGUysKwSsrC89BCiFj3CbrfJ/nXFdJepOVrY1GCHQ==",
      "requires": {
        "loose-envify": "^1.4.0",
        "object-assign": "^4.1.1",
        "react-is": "^16.8.1"
      }
    },
    "prop-types-extra": {
      "version": "1.1.1",
      "resolved": "https://registry.npmjs.org/prop-types-extra/-/prop-types-extra-1.1.1.tgz",
      "integrity": "sha512-59+AHNnHYCdiC+vMwY52WmvP5dM3QLeoumYuEyceQDi9aEhtwN9zIQ2ZNo25sMyXnbh32h+P1ezDsUpUH3JAew==",
      "requires": {
        "react-is": "^16.3.2",
        "warning": "^4.0.0"
      }
    },
    "raf": {
      "version": "3.4.1",
      "resolved": "https://registry.npmjs.org/raf/-/raf-3.4.1.tgz",
      "integrity": "sha512-Sq4CW4QhwOHE8ucn6J34MqtZCeWFP2aQSmrlroYgqAV1PjStIhJXxYuTgUIfkEk7zTLjmIjLmU5q+fbD1NnOJA==",
      "requires": {
        "performance-now": "^2.1.0"
      },
      "dependencies": {
        "performance-now": {
          "version": "2.1.0",
          "resolved": "https://registry.npmjs.org/performance-now/-/performance-now-2.1.0.tgz",
          "integrity": "sha1-Ywn04OX6kT7BxpMHrjZLSzd8nns="
        }
      }
    },
    "react-axios": {
      "version": "2.0.5",
      "resolved": "https://registry.npmjs.org/react-axios/-/react-axios-2.0.5.tgz",
      "integrity": "sha512-NGbOeflZm3Ry3ObiWcK7/ynBFmX0ThjnonTg0KA1AmAYgybERrF0inL5eNJdtyHjmbLXd2y27tf4r0FyHez+QA=="
    },
    "react-bootstrap": {
      "version": "2.0.3",
      "resolved": "https://registry.npmjs.org/react-bootstrap/-/react-bootstrap-2.0.3.tgz",
      "integrity": "sha512-gIRzQf170SGKS09azr8Cl9+8FxBf3J9jyFf/8sWNWXtRcgbRzTog9bFCS4ua5Wv1U/A7W7hRlnrKxzy+wl+5Rw==",
      "requires": {
        "@babel/runtime": "^7.14.0",
        "@restart/context": "^2.1.4",
        "@restart/hooks": "^0.3.26",
        "@restart/ui": "^0.2.3",
        "@types/invariant": "^2.2.33",
        "@types/prop-types": "^15.7.3",
        "@types/react": ">=16.14.8",
        "@types/react-transition-group": "^4.4.1",
        "@types/warning": "^3.0.0",
        "classnames": "^2.3.1",
        "dom-helpers": "^5.2.1",
        "invariant": "^2.2.4",
        "prop-types": "^15.7.2",
        "prop-types-extra": "^1.1.0",
        "react-transition-group": "^4.4.1",
        "uncontrollable": "^7.2.1",
        "warning": "^4.0.3"
      }
    },
    "react-is": {
      "version": "16.13.1",
      "resolved": "https://registry.npmjs.org/react-is/-/react-is-16.13.1.tgz",
      "integrity": "sha512-24e6ynE2H+OKt4kqsOvNd8kBpV65zoxbA4BVsEOB3ARVWQki/DHzaUoC5KuON/BiccDaCCTZBuOcfZs70kR8bQ=="
    },
    "react-lifecycles-compat": {
      "version": "3.0.4",
      "resolved": "https://registry.npmjs.org/react-lifecycles-compat/-/react-lifecycles-compat-3.0.4.tgz",
      "integrity": "sha512-fBASbA6LnOU9dOU2eW7aQ8xmYBSXUIWr+UmF9b1efZBazGNO+rcXT/icdKnYm2pTwcRylVUYwW7H1PHfLekVzA=="
    },
    "react-motion": {
      "version": "0.5.2",
      "resolved": "https://registry.npmjs.org/react-motion/-/react-motion-0.5.2.tgz",
      "integrity": "sha512-9q3YAvHoUiWlP3cK0v+w1N5Z23HXMj4IF4YuvjvWegWqNPfLXsOBE/V7UvQGpXxHFKRQQcNcVQE31g9SB/6qgQ==",
      "requires": {
        "performance-now": "^0.2.0",
        "prop-types": "^15.5.8",
        "raf": "^3.1.0"
      }
    },
    "react-router": {
      "version": "6.1.1",
      "resolved": "https://registry.npmjs.org/react-router/-/react-router-6.1.1.tgz",
      "integrity": "sha512-55o96RiDZmC0uD17DPqVmzzfdNd2Dc+EjkYvMAmHl43du/GItaTdFr5WwjTryNWPXZ+OOVQxQhwAX25UwxpHtw==",
      "requires": {
        "history": "^5.1.0"
      }
    },
    "react-router-dom": {
      "version": "6.1.1",
      "resolved": "https://registry.npmjs.org/react-router-dom/-/react-router-dom-6.1.1.tgz",
      "integrity": "sha512-O3UH89DI4o+swd2q6lF4dSmpuNCxwkUXcj0zAFcVc1H+YoPE6T7uwoFMX0ws1pUvCY8lYDucFpOqCCdal6VFzg==",
      "requires": {
        "history": "^5.1.0",
        "react-router": "6.1.1"
      }
    },
    "react-transition-group": {
      "version": "4.4.2",
      "resolved": "https://registry.npmjs.org/react-transition-group/-/react-transition-group-4.4.2.tgz",
      "integrity": "sha512-/RNYfRAMlZwDSr6z4zNKV6xu53/e2BuaBbGhbyYIXTrmgu/bGHzmqOs7mJSJBHy9Ud+ApHx3QjrkKSp1pxvlFg==",
      "requires": {
        "@babel/runtime": "^7.5.5",
        "dom-helpers": "^5.0.1",
        "loose-envify": "^1.4.0",
        "prop-types": "^15.6.2"
      }
    },
    "regenerator-runtime": {
      "version": "0.13.9",
      "resolved": "https://registry.npmjs.org/regenerator-runtime/-/regenerator-runtime-0.13.9.tgz",
      "integrity": "sha512-p3VT+cOEgxFsRRA9X4lkI1E+k2/CtnKtU4gcxyaCUreilL/vqI6CdZ3wxVUx3UOUg+gnUOQQcRI7BmSI656MYA=="
    },
    "resize-observer-polyfill": {
      "version": "1.5.1",
      "resolved": "https://registry.npmjs.org/resize-observer-polyfill/-/resize-observer-polyfill-1.5.1.tgz",
      "integrity": "sha512-LwZrotdHOo12nQuZlHEmtuXdqGoOD0OhaxopaNFxWzInpEgaLWoVuAMbTzixuosCx2nEG58ngzW3vxdWoxIgdg=="
    },
    "uncontrollable": {
      "version": "7.2.1",
      "resolved": "https://registry.npmjs.org/uncontrollable/-/uncontrollable-7.2.1.tgz",
      "integrity": "sha512-svtcfoTADIB0nT9nltgjujTi7BzVmwjZClOmskKu/E8FW9BXzg9os8OLr4f8Dlnk0rYWJIWr4wv9eKUXiQvQwQ==",
      "requires": {
        "@babel/runtime": "^7.6.3",
        "@types/react": ">=16.9.11",
        "invariant": "^2.2.4",
        "react-lifecycles-compat": "^3.0.4"
      }
    },
    "warning": {
      "version": "4.0.3",
      "resolved": "https://registry.npmjs.org/warning/-/warning-4.0.3.tgz",
      "integrity": "sha512-rpJyN222KWIvHJ/F53XSZv0Zl/accqHR8et1kpaMTD/fLCRxtV8iX8czMzY7sVZupTI3zcUTg8eycS2kNF9l6w==",
      "requires": {
        "loose-envify": "^1.0.0"
      }
    }
  }
}
